
Microsoft Visual Studio Solution File, Format Version 12.00
# Visual Studio Version 17
VisualStudioVersion = 17.10.35013.160
MinimumVisualStudioVersion = 10.0.40219.1
Project("{FAE04EC0-301F-11D3-BF4B-00C04F79EFBC}") = "Battleship2", "Battleship2\Battleship2.csproj", "{3C95E9B9-4EDD-4B8E-8E39-650A4DDF4206}"
EndProject
Global
	GlobalSection(SolutionConfigurationPlatforms) = preSolution
		Debug|Any CPU = Debug|Any CPU
		Release|Any CPU = Release|Any CPU
	EndGlobalSection
	GlobalSection(ProjectConfigurationPlatforms) = postSolution
		{3C95E9B9-4EDD-4B8E-8E39-650A4DDF4206}.Debug|Any CPU.ActiveCfg = Debug|Any CPU
		{3C95E9B9-4EDD-4B8E-8E39-650A4DDF4206}.Debug|Any CPU.Build.0 = Debug|Any CPU
		{3C95E9B9-4EDD-4B8E-8E39-650A4DDF4206}.Release|Any CPU.ActiveCfg = Release|Any CPU
		{3C95E9B9-4EDD-4B8E-8E39-650A4DDF4206}.Release|Any CPU.Build.0 = Release|Any CPU
	EndGlobalSection
	GlobalSection(SolutionProperties) = preSolution
		HideSolutionNode = FALSE
	EndGlobalSection
	GlobalSection(ExtensibilityGlobals) = postSolution
		SolutionGuid = {F6E518F5-962F-497F-B988-55927B5002B3}
	EndGlobalSection
EndGlobal
